
Microsoft Visual Studio Solution File, Format Version 12.00
# Visual Studio Version 16
VisualStudioVersion = 16.0.29403.142
MinimumVisualStudioVersion = 10.0.40219.1
Project("{9A19103F-16F7-4668-BE54-9A1E7A4F7556}") = "WebApi.Kashilog", "src\WebApi.Kashilog\WebApi.Kashilog.csproj", "{FACFD191-4026-4046-A805-2732B02EF814}"
EndProject
Project("{9A19103F-16F7-4668-BE54-9A1E7A4F7556}") = "Management.Kashilog", "src\Management.Kashilog\Management.Kashilog.csproj", "{FBCB6504-DCCA-46E9-B08A-DDF5874C296C}"
EndProject
Project("{2150E333-8FDC-42A3-9474-1A3956D46DE8}") = "Web", "Web", "{12EB1EC5-29FD-4498-A69D-3C51840CDBA1}"
EndProject
Project("{2150E333-8FDC-42A3-9474-1A3956D46DE8}") = "Solution Items", "Solution Items", "{FE2F3B29-B99A-40D1-AF9B-BB17093CA03A}"
	ProjectSection(SolutionItems) = preProject
		.editorconfig = .editorconfig
	EndProjectSection
EndProject
Project("{2150E333-8FDC-42A3-9474-1A3956D46DE8}") = "Test", "Test", "{19695C48-DCAB-4DD8-A302-21FD78CDDA31}"
EndProject
Project("{9A19103F-16F7-4668-BE54-9A1E7A4F7556}") = "WebApi.Kashilog.Tests", "tests\WebApi.Kashilog.Tests\WebApi.Kashilog.Tests.csproj", "{2867B660-9AEA-4F58-A832-52D84A7FD7B6}"
EndProject
Project("{2150E333-8FDC-42A3-9474-1A3956D46DE8}") = "Domain", "Domain", "{1D3E68B7-A2EB-42A3-AB1D-CF8D0C8924C3}"
EndProject
Project("{2150E333-8FDC-42A3-9474-1A3956D46DE8}") = "Repositories", "Repositories", "{50076B63-F2B4-4795-85E0-B8C8B0C1AE7C}"
EndProject
Project("{2150E333-8FDC-42A3-9474-1A3956D46DE8}") = "DomainObjects", "DomainObjects", "{AEC8F4C8-C6A7-4A1A-AD29-213F2B8B6C8F}"
EndProject
Project("{2150E333-8FDC-42A3-9474-1A3956D46DE8}") = "Services", "Services", "{CDAF52E1-41C5-4ACC-9AE8-2C823EF4C8A5}"
EndProject
Project("{FAE04EC0-301F-11D3-BF4B-00C04F79EFBC}") = "DomainObject.Kashilog", "src\Domain\DomainObject.Kashilog\DomainObject.Kashilog.csproj", "{A52B90A2-A697-43E0-AA01-DF229FD71070}"
EndProject
Global
	GlobalSection(SolutionConfigurationPlatforms) = preSolution
		Debug|Any CPU = Debug|Any CPU
		Release|Any CPU = Release|Any CPU
	EndGlobalSection
	GlobalSection(ProjectConfigurationPlatforms) = postSolution
		{FACFD191-4026-4046-A805-2732B02EF814}.Debug|Any CPU.ActiveCfg = Debug|Any CPU
		{FACFD191-4026-4046-A805-2732B02EF814}.Debug|Any CPU.Build.0 = Debug|Any CPU
		{FACFD191-4026-4046-A805-2732B02EF814}.Release|Any CPU.ActiveCfg = Release|Any CPU
		{FACFD191-4026-4046-A805-2732B02EF814}.Release|Any CPU.Build.0 = Release|Any CPU
		{FBCB6504-DCCA-46E9-B08A-DDF5874C296C}.Debug|Any CPU.ActiveCfg = Debug|Any CPU
		{FBCB6504-DCCA-46E9-B08A-DDF5874C296C}.Debug|Any CPU.Build.0 = Debug|Any CPU
		{FBCB6504-DCCA-46E9-B08A-DDF5874C296C}.Release|Any CPU.ActiveCfg = Release|Any CPU
		{FBCB6504-DCCA-46E9-B08A-DDF5874C296C}.Release|Any CPU.Build.0 = Release|Any CPU
		{2867B660-9AEA-4F58-A832-52D84A7FD7B6}.Debug|Any CPU.ActiveCfg = Debug|Any CPU
		{2867B660-9AEA-4F58-A832-52D84A7FD7B6}.Debug|Any CPU.Build.0 = Debug|Any CPU
		{2867B660-9AEA-4F58-A832-52D84A7FD7B6}.Release|Any CPU.ActiveCfg = Release|Any CPU
		{2867B660-9AEA-4F58-A832-52D84A7FD7B6}.Release|Any CPU.Build.0 = Release|Any CPU
		{A52B90A2-A697-43E0-AA01-DF229FD71070}.Debug|Any CPU.ActiveCfg = Debug|Any CPU
		{A52B90A2-A697-43E0-AA01-DF229FD71070}.Debug|Any CPU.Build.0 = Debug|Any CPU
		{A52B90A2-A697-43E0-AA01-DF229FD71070}.Release|Any CPU.ActiveCfg = Release|Any CPU
		{A52B90A2-A697-43E0-AA01-DF229FD71070}.Release|Any CPU.Build.0 = Release|Any CPU
	EndGlobalSection
	GlobalSection(SolutionProperties) = preSolution
		HideSolutionNode = FALSE
	EndGlobalSection
	GlobalSection(NestedProjects) = preSolution
		{FACFD191-4026-4046-A805-2732B02EF814} = {12EB1EC5-29FD-4498-A69D-3C51840CDBA1}
		{FBCB6504-DCCA-46E9-B08A-DDF5874C296C} = {12EB1EC5-29FD-4498-A69D-3C51840CDBA1}
		{2867B660-9AEA-4F58-A832-52D84A7FD7B6} = {19695C48-DCAB-4DD8-A302-21FD78CDDA31}
		{50076B63-F2B4-4795-85E0-B8C8B0C1AE7C} = {1D3E68B7-A2EB-42A3-AB1D-CF8D0C8924C3}
		{AEC8F4C8-C6A7-4A1A-AD29-213F2B8B6C8F} = {1D3E68B7-A2EB-42A3-AB1D-CF8D0C8924C3}
		{CDAF52E1-41C5-4ACC-9AE8-2C823EF4C8A5} = {1D3E68B7-A2EB-42A3-AB1D-CF8D0C8924C3}
		{A52B90A2-A697-43E0-AA01-DF229FD71070} = {AEC8F4C8-C6A7-4A1A-AD29-213F2B8B6C8F}
	EndGlobalSection
	GlobalSection(ExtensibilityGlobals) = postSolution
		SolutionGuid = {C5CFAEE9-EDD0-472C-B118-B988CC86BD3D}
	EndGlobalSection
EndGlobal
