
Microsoft Visual Studio Solution File, Format Version 12.00
# Visual Studio Version 16
VisualStudioVersion = 16.0.29403.142
MinimumVisualStudioVersion = 10.0.40219.1
Project("{9A19103F-16F7-4668-BE54-9A1E7A4F7556}") = "WebApi.Kashilog", "src\WebApi.Kashilog\WebApi.Kashilog.csproj", "{FACFD191-4026-4046-A805-2732B02EF814}"
EndProject
Project("{9A19103F-16F7-4668-BE54-9A1E7A4F7556}") = "Management.Kashilog", "src\Management.Kashilog\Management.Kashilog.csproj", "{FBCB6504-DCCA-46E9-B08A-DDF5874C296C}"
EndProject
Project("{2150E333-8FDC-42A3-9474-1A3956D46DE8}") = "Web", "Web", "{12EB1EC5-29FD-4498-A69D-3C51840CDBA1}"
EndProject
Project("{2150E333-8FDC-42A3-9474-1A3956D46DE8}") = "Solution Items", "Solution Items", "{FE2F3B29-B99A-40D1-AF9B-BB17093CA03A}"
	ProjectSection(SolutionItems) = preProject
		.editorconfig = .editorconfig
	EndProjectSection
EndProject
Project("{2150E333-8FDC-42A3-9474-1A3956D46DE8}") = "Tests", "Tests", "{19695C48-DCAB-4DD8-A302-21FD78CDDA31}"
EndProject
Project("{9A19103F-16F7-4668-BE54-9A1E7A4F7556}") = "WebApi.Kashilog.Tests", "tests\WebApi.Kashilog.Tests\WebApi.Kashilog.Tests.csproj", "{2867B660-9AEA-4F58-A832-52D84A7FD7B6}"
EndProject
Global
	GlobalSection(SolutionConfigurationPlatforms) = preSolution
		Debug|Any CPU = Debug|Any CPU
		Release|Any CPU = Release|Any CPU
	EndGlobalSection
	GlobalSection(ProjectConfigurationPlatforms) = postSolution
		{FACFD191-4026-4046-A805-2732B02EF814}.Debug|Any CPU.ActiveCfg = Debug|Any CPU
		{FACFD191-4026-4046-A805-2732B02EF814}.Debug|Any CPU.Build.0 = Debug|Any CPU
		{FACFD191-4026-4046-A805-2732B02EF814}.Release|Any CPU.ActiveCfg = Release|Any CPU
		{FACFD191-4026-4046-A805-2732B02EF814}.Release|Any CPU.Build.0 = Release|Any CPU
		{FBCB6504-DCCA-46E9-B08A-DDF5874C296C}.Debug|Any CPU.ActiveCfg = Debug|Any CPU
		{FBCB6504-DCCA-46E9-B08A-DDF5874C296C}.Debug|Any CPU.Build.0 = Debug|Any CPU
		{FBCB6504-DCCA-46E9-B08A-DDF5874C296C}.Release|Any CPU.ActiveCfg = Release|Any CPU
		{FBCB6504-DCCA-46E9-B08A-DDF5874C296C}.Release|Any CPU.Build.0 = Release|Any CPU
		{2867B660-9AEA-4F58-A832-52D84A7FD7B6}.Debug|Any CPU.ActiveCfg = Debug|Any CPU
		{2867B660-9AEA-4F58-A832-52D84A7FD7B6}.Debug|Any CPU.Build.0 = Debug|Any CPU
		{2867B660-9AEA-4F58-A832-52D84A7FD7B6}.Release|Any CPU.ActiveCfg = Release|Any CPU
		{2867B660-9AEA-4F58-A832-52D84A7FD7B6}.Release|Any CPU.Build.0 = Release|Any CPU
	EndGlobalSection
	GlobalSection(SolutionProperties) = preSolution
		HideSolutionNode = FALSE
	EndGlobalSection
	GlobalSection(NestedProjects) = preSolution
		{FACFD191-4026-4046-A805-2732B02EF814} = {12EB1EC5-29FD-4498-A69D-3C51840CDBA1}
		{FBCB6504-DCCA-46E9-B08A-DDF5874C296C} = {12EB1EC5-29FD-4498-A69D-3C51840CDBA1}
		{2867B660-9AEA-4F58-A832-52D84A7FD7B6} = {19695C48-DCAB-4DD8-A302-21FD78CDDA31}
	EndGlobalSection
	GlobalSection(ExtensibilityGlobals) = postSolution
		SolutionGuid = {C5CFAEE9-EDD0-472C-B118-B988CC86BD3D}
	EndGlobalSection
EndGlobal
